
Microsoft Visual Studio Solution File, Format Version 12.00
# Visual Studio Version 17
VisualStudioVersion = 17.1.32421.90
MinimumVisualStudioVersion = 10.0.40219.1
Project("{FAE04EC0-301F-11D3-BF4B-00C04F79EFBC}") = "csharp-snacks-2", "csharp-snacks-2\csharp-snacks-2.csproj", "{98F843B4-C0D2-4152-857D-C0A1E1A15650}"
EndProject
Global
	GlobalSection(SolutionConfigurationPlatforms) = preSolution
		Debug|Any CPU = Debug|Any CPU
		Release|Any CPU = Release|Any CPU
	EndGlobalSection
	GlobalSection(ProjectConfigurationPlatforms) = postSolution
		{98F843B4-C0D2-4152-857D-C0A1E1A15650}.Debug|Any CPU.ActiveCfg = Debug|Any CPU
		{98F843B4-C0D2-4152-857D-C0A1E1A15650}.Debug|Any CPU.Build.0 = Debug|Any CPU
		{98F843B4-C0D2-4152-857D-C0A1E1A15650}.Release|Any CPU.ActiveCfg = Release|Any CPU
		{98F843B4-C0D2-4152-857D-C0A1E1A15650}.Release|Any CPU.Build.0 = Release|Any CPU
	EndGlobalSection
	GlobalSection(SolutionProperties) = preSolution
		HideSolutionNode = FALSE
	EndGlobalSection
	GlobalSection(ExtensibilityGlobals) = postSolution
		SolutionGuid = {E61BA6D4-67A2-47DB-9CC5-3410C55EE88F}
	EndGlobalSection
EndGlobal
